
Microsoft Visual Studio Solution File, Format Version 12.00
# Visual Studio 15
VisualStudioVersion = 15.0.28307.168
MinimumVisualStudioVersion = 10.0.40219.1
Project("{FAE04EC0-301F-11D3-BF4B-00C04F79EFBC}") = "Kloud_CarsInfoProcessor.App", "Kloud_CarsInfoProcessor.App\Kloud_CarsInfoProcessor.App.csproj", "{3590CBCB-42B3-464E-B6A9-5B3ECB2C7B9D}"
EndProject
Project("{FAE04EC0-301F-11D3-BF4B-00C04F79EFBC}") = "codingtest.kloud.com.au", "codingtest.kloud.com.au\codingtest.kloud.com.au.csproj", "{33D6B54D-7FE3-44DF-8BB6-0DF8162C7128}"
EndProject
Project("{FAE04EC0-301F-11D3-BF4B-00C04F79EFBC}") = "Kloud_CarsInfoProcessor.Test", "Kloud_CarsInfoProcessor.Test\Kloud_CarsInfoProcessor.Test.csproj", "{7988A52B-00C8-4890-8D36-60BE0FC960B4}"
EndProject
Global
	GlobalSection(SolutionConfigurationPlatforms) = preSolution
		Debug|Any CPU = Debug|Any CPU
		Release|Any CPU = Release|Any CPU
	EndGlobalSection
	GlobalSection(ProjectConfigurationPlatforms) = postSolution
		{3590CBCB-42B3-464E-B6A9-5B3ECB2C7B9D}.Debug|Any CPU.ActiveCfg = Debug|Any CPU
		{3590CBCB-42B3-464E-B6A9-5B3ECB2C7B9D}.Debug|Any CPU.Build.0 = Debug|Any CPU
		{3590CBCB-42B3-464E-B6A9-5B3ECB2C7B9D}.Release|Any CPU.ActiveCfg = Release|Any CPU
		{3590CBCB-42B3-464E-B6A9-5B3ECB2C7B9D}.Release|Any CPU.Build.0 = Release|Any CPU
		{33D6B54D-7FE3-44DF-8BB6-0DF8162C7128}.Debug|Any CPU.ActiveCfg = Debug|Any CPU
		{33D6B54D-7FE3-44DF-8BB6-0DF8162C7128}.Debug|Any CPU.Build.0 = Debug|Any CPU
		{33D6B54D-7FE3-44DF-8BB6-0DF8162C7128}.Release|Any CPU.ActiveCfg = Release|Any CPU
		{33D6B54D-7FE3-44DF-8BB6-0DF8162C7128}.Release|Any CPU.Build.0 = Release|Any CPU
		{7988A52B-00C8-4890-8D36-60BE0FC960B4}.Debug|Any CPU.ActiveCfg = Debug|Any CPU
		{7988A52B-00C8-4890-8D36-60BE0FC960B4}.Debug|Any CPU.Build.0 = Debug|Any CPU
		{7988A52B-00C8-4890-8D36-60BE0FC960B4}.Release|Any CPU.ActiveCfg = Release|Any CPU
		{7988A52B-00C8-4890-8D36-60BE0FC960B4}.Release|Any CPU.Build.0 = Release|Any CPU
	EndGlobalSection
	GlobalSection(SolutionProperties) = preSolution
		HideSolutionNode = FALSE
	EndGlobalSection
	GlobalSection(ExtensibilityGlobals) = postSolution
		SolutionGuid = {1A0E4FDD-9D3D-40F7-96D6-D2B90D807591}
	EndGlobalSection
EndGlobal
